
Microsoft Visual Studio Solution File, Format Version 12.00
# Visual Studio Version 16
VisualStudioVersion = 16.0.29326.143
MinimumVisualStudioVersion = 10.0.40219.1
Project("{8BC9CEB8-8B4A-11D0-8D11-00A0C91BC942}") = "AlphaEngine", "AlphaEngine\AlphaEngine.vcxproj", "{3C89F988-4BBD-4C30-BA9C-6F96873FF588}"
EndProject
Project("{8BC9CEB8-8B4A-11D0-8D11-00A0C91BC942}") = "sandbox", "sandbox\sandbox.vcxproj", "{4D2E5F2A-DE6E-4A5E-9BF8-B9AA7D1EAA91}"
EndProject
Global
	GlobalSection(SolutionConfigurationPlatforms) = preSolution
		Debug|x64 = Debug|x64
		Release|x64 = Release|x64
	EndGlobalSection
	GlobalSection(ProjectConfigurationPlatforms) = postSolution
		{3C89F988-4BBD-4C30-BA9C-6F96873FF588}.Debug|x64.ActiveCfg = Debug|x64
		{3C89F988-4BBD-4C30-BA9C-6F96873FF588}.Debug|x64.Build.0 = Debug|x64
		{3C89F988-4BBD-4C30-BA9C-6F96873FF588}.Release|x64.ActiveCfg = Release|x64
		{3C89F988-4BBD-4C30-BA9C-6F96873FF588}.Release|x64.Build.0 = Release|x64
		{4D2E5F2A-DE6E-4A5E-9BF8-B9AA7D1EAA91}.Debug|x64.ActiveCfg = Debug|x64
		{4D2E5F2A-DE6E-4A5E-9BF8-B9AA7D1EAA91}.Debug|x64.Build.0 = Debug|x64
		{4D2E5F2A-DE6E-4A5E-9BF8-B9AA7D1EAA91}.Release|x64.ActiveCfg = Release|x64
		{4D2E5F2A-DE6E-4A5E-9BF8-B9AA7D1EAA91}.Release|x64.Build.0 = Release|x64
	EndGlobalSection
	GlobalSection(SolutionProperties) = preSolution
		HideSolutionNode = FALSE
	EndGlobalSection
	GlobalSection(ExtensibilityGlobals) = postSolution
		SolutionGuid = {8835B5A2-5024-4A79-AB00-1008950C33EF}
	EndGlobalSection
EndGlobal
