<?xml version="1.0" encoding="utf-8"?>
<Project ToolsVersion="4.0" xmlns="http://schemas.microsoft.com/developer/msbuild/2003">
  <ItemGroup>
    <Filter Include="AlphaEngine">
      <UniqueIdentifier>{61BB5E41-CD70-D736-5665-D10DC219CE3A}</UniqueIdentifier>
    </Filter>
    <Filter Include="AlphaEngine\Events">
      <UniqueIdentifier>{25B085B2-1194-4608-7AF4-405B66F7308A}</UniqueIdentifier>
    </Filter>
  </ItemGroup>
  <ItemGroup>
    <ClInclude Include="src\Aepch.h" />
    <ClInclude Include="src\AlphaEngine.h" />
    <ClInclude Include="src\AlphaEngine\Application.h">
      <Filter>AlphaEngine</Filter>
    </ClInclude>
    <ClInclude Include="src\AlphaEngine\Core.h">
      <Filter>AlphaEngine</Filter>
    </ClInclude>
    <ClInclude Include="src\AlphaEngine\EntryPoint.h">
      <Filter>AlphaEngine</Filter>
    </ClInclude>
    <ClInclude Include="src\AlphaEngine\Events\ApplicationEvent.h">
      <Filter>AlphaEngine\Events</Filter>
    </ClInclude>
    <ClInclude Include="src\AlphaEngine\Events\Event.h">
      <Filter>AlphaEngine\Events</Filter>
    </ClInclude>
    <ClInclude Include="src\AlphaEngine\Events\KeyEvent.h">
      <Filter>AlphaEngine\Events</Filter>
    </ClInclude>
    <ClInclude Include="src\AlphaEngine\Events\MouseEvent.h">
      <Filter>AlphaEngine\Events</Filter>
    </ClInclude>
    <ClInclude Include="src\AlphaEngine\Log.h">
      <Filter>AlphaEngine</Filter>
    </ClInclude>
    <ClInclude Include="src\AlphaEngine\Window.h" />
    <ClInclude Include="src\Platform\Windows\WindowsWindow.h" />
  </ItemGroup>
  <ItemGroup>
    <ClCompile Include="src\Aepch.cpp" />
    <ClCompile Include="src\AlphaEngine\Application.cpp">
      <Filter>AlphaEngine</Filter>
    </ClCompile>
    <ClCompile Include="src\AlphaEngine\Log.cpp">
      <Filter>AlphaEngine</Filter>
    </ClCompile>
    <ClCompile Include="src\Platform\Windows\WindowsWindow.cpp" />
  </ItemGroup>
</Project>